
Microsoft Visual Studio Solution File, Format Version 12.00
# Visual Studio Version 17
VisualStudioVersion = 17.3.32901.215
MinimumVisualStudioVersion = 10.0.40219.1
Project("{FAE04EC0-301F-11D3-BF4B-00C04F79EFBC}") = "IlyaKK", "IlyaKK\IlyaKK.csproj", "{B826A8AA-3165-45C1-87F6-8C23CDF8335D}"
EndProject
Global
	GlobalSection(SolutionConfigurationPlatforms) = preSolution
		Debug|Any CPU = Debug|Any CPU
		Release|Any CPU = Release|Any CPU
	EndGlobalSection
	GlobalSection(ProjectConfigurationPlatforms) = postSolution
		{B826A8AA-3165-45C1-87F6-8C23CDF8335D}.Debug|Any CPU.ActiveCfg = Debug|Any CPU
		{B826A8AA-3165-45C1-87F6-8C23CDF8335D}.Debug|Any CPU.Build.0 = Debug|Any CPU
		{B826A8AA-3165-45C1-87F6-8C23CDF8335D}.Release|Any CPU.ActiveCfg = Release|Any CPU
		{B826A8AA-3165-45C1-87F6-8C23CDF8335D}.Release|Any CPU.Build.0 = Release|Any CPU
	EndGlobalSection
	GlobalSection(SolutionProperties) = preSolution
		HideSolutionNode = FALSE
	EndGlobalSection
	GlobalSection(ExtensibilityGlobals) = postSolution
		SolutionGuid = {66E8ECFB-35AC-4167-9D78-26D00992ED98}
	EndGlobalSection
EndGlobal
